{
  "nodes": {
    "root": {
      "inputs": {
        "stable": "stable",
        "unstable": "unstable"
      }
    },
    "stable": {
      "locked": {
        "lastModified": 1632408697,
        "narHash": "sha256-JqTfu361AwFmV0WszXLAjfukqGxBbHRopRgdp9A2w8s=",
        "owner": "NixOS",
        "repo": "nixpkgs",
        "rev": "a13824fe5e38187fbc75cd598b5c06bdcc13501f",
        "type": "github"
      },
      "original": {
        "owner": "NixOS",
        "ref": "nixos-20.09",
        "repo": "nixpkgs",
        "type": "github"
      }
    },
    "unstable": {
      "locked": {
        "lastModified": 1632660378,
        "narHash": "sha256-sjA8eQlnyDjDLyAyq3XlJmN0nqW0ftl/pb7VnMg86L0=",
        "owner": "NixOS",
        "repo": "nixpkgs",
        "rev": "31ffc50c571e6683e9ecc9dbcbd4a8e9914b4497",
        "type": "github"
      },
      "original": {
        "owner": "NixOS",
        "ref": "nixos-unstable",
        "repo": "nixpkgs",
        "type": "github"
      }
    }
  },
  "root": "root",
  "version": 7
}
